
Microsoft Visual Studio Solution File, Format Version 12.00
# Visual Studio 14
VisualStudioVersion = 14.0.25420.1
MinimumVisualStudioVersion = 10.0.40219.1
Project("{FAE04EC0-301F-11D3-BF4B-00C04F79EFBC}") = "Web_ThucPham", "Web_ThucPham\Web_ThucPham.csproj", "{43053AC0-AAF9-4B60-B0E6-7F23EC2D732B}"
EndProject
Project("{FAE04EC0-301F-11D3-BF4B-00C04F79EFBC}") = "Model", "Model\Model.csproj", "{91164801-F15A-4790-A4C8-9EDB3B0B5EF6}"
EndProject
Project("{FAE04EC0-301F-11D3-BF4B-00C04F79EFBC}") = "Common", "Common\Common.csproj", "{3720A581-5D3D-49AD-91D5-1C11FA919C36}"
EndProject
Global
	GlobalSection(SolutionConfigurationPlatforms) = preSolution
		Debug|Any CPU = Debug|Any CPU
		Release|Any CPU = Release|Any CPU
	EndGlobalSection
	GlobalSection(ProjectConfigurationPlatforms) = postSolution
		{43053AC0-AAF9-4B60-B0E6-7F23EC2D732B}.Debug|Any CPU.ActiveCfg = Debug|Any CPU
		{43053AC0-AAF9-4B60-B0E6-7F23EC2D732B}.Debug|Any CPU.Build.0 = Debug|Any CPU
		{43053AC0-AAF9-4B60-B0E6-7F23EC2D732B}.Release|Any CPU.ActiveCfg = Release|Any CPU
		{43053AC0-AAF9-4B60-B0E6-7F23EC2D732B}.Release|Any CPU.Build.0 = Release|Any CPU
		{91164801-F15A-4790-A4C8-9EDB3B0B5EF6}.Debug|Any CPU.ActiveCfg = Debug|Any CPU
		{91164801-F15A-4790-A4C8-9EDB3B0B5EF6}.Debug|Any CPU.Build.0 = Debug|Any CPU
		{91164801-F15A-4790-A4C8-9EDB3B0B5EF6}.Release|Any CPU.ActiveCfg = Release|Any CPU
		{91164801-F15A-4790-A4C8-9EDB3B0B5EF6}.Release|Any CPU.Build.0 = Release|Any CPU
		{3720A581-5D3D-49AD-91D5-1C11FA919C36}.Debug|Any CPU.ActiveCfg = Debug|Any CPU
		{3720A581-5D3D-49AD-91D5-1C11FA919C36}.Debug|Any CPU.Build.0 = Debug|Any CPU
		{3720A581-5D3D-49AD-91D5-1C11FA919C36}.Release|Any CPU.ActiveCfg = Release|Any CPU
		{3720A581-5D3D-49AD-91D5-1C11FA919C36}.Release|Any CPU.Build.0 = Release|Any CPU
	EndGlobalSection
	GlobalSection(SolutionProperties) = preSolution
		HideSolutionNode = FALSE
	EndGlobalSection
EndGlobal
